
Microsoft Visual Studio Solution File, Format Version 12.00
# Visual Studio Version 16
VisualStudioVersion = 16.0.31911.196
MinimumVisualStudioVersion = 10.0.40219.1
Project("{9A19103F-16F7-4668-BE54-9A1E7A4F7556}") = "LearnAndRepeatWeb.Infrastructure", "LearnAndRepeatWeb.Infrastructure\LearnAndRepeatWeb.Infrastructure.csproj", "{647BC50F-6BE5-456D-97E2-DFD0F0E0A424}"
EndProject
Project("{9A19103F-16F7-4668-BE54-9A1E7A4F7556}") = "LearnAndRepeatWeb.Api", "LearnAndRepeatWeb.Api\LearnAndRepeatWeb.Api.csproj", "{045AA0E3-D6FA-46C1-BAA1-611F6305BD51}"
EndProject
Project("{9A19103F-16F7-4668-BE54-9A1E7A4F7556}") = "LearnAndRepeatWeb.Business", "LearnAndRepeatWeb.Business\LearnAndRepeatWeb.Business.csproj", "{0CB76B44-F2D5-41E2-8320-44864890ABD6}"
EndProject
Project("{9A19103F-16F7-4668-BE54-9A1E7A4F7556}") = "LearnAndRepeatWeb.Contracts", "LearnAndRepeatWeb.Contracts\LearnAndRepeatWeb.Contracts.csproj", "{0A527DC8-C171-4FA3-B4AD-21A0D066317A}"
EndProject
Project("{2150E333-8FDC-42A3-9474-1A3956D46DE8}") = "Tests", "Tests", "{70BD1293-E6E6-482C-AF34-87EA6C9C5C4A}"
EndProject
Project("{9A19103F-16F7-4668-BE54-9A1E7A4F7556}") = "LearnAndRepeatWeb.IntegrationTests", "LearnAndRepeatWeb.UnitTests\LearnAndRepeatWeb.IntegrationTests.csproj", "{C5124A2F-8158-407A-B57A-A172176A0E51}"
EndProject
Global
	GlobalSection(SolutionConfigurationPlatforms) = preSolution
		Debug|Any CPU = Debug|Any CPU
		Release|Any CPU = Release|Any CPU
	EndGlobalSection
	GlobalSection(ProjectConfigurationPlatforms) = postSolution
		{647BC50F-6BE5-456D-97E2-DFD0F0E0A424}.Debug|Any CPU.ActiveCfg = Debug|Any CPU
		{647BC50F-6BE5-456D-97E2-DFD0F0E0A424}.Debug|Any CPU.Build.0 = Debug|Any CPU
		{647BC50F-6BE5-456D-97E2-DFD0F0E0A424}.Release|Any CPU.ActiveCfg = Release|Any CPU
		{647BC50F-6BE5-456D-97E2-DFD0F0E0A424}.Release|Any CPU.Build.0 = Release|Any CPU
		{045AA0E3-D6FA-46C1-BAA1-611F6305BD51}.Debug|Any CPU.ActiveCfg = Debug|Any CPU
		{045AA0E3-D6FA-46C1-BAA1-611F6305BD51}.Debug|Any CPU.Build.0 = Debug|Any CPU
		{045AA0E3-D6FA-46C1-BAA1-611F6305BD51}.Release|Any CPU.ActiveCfg = Release|Any CPU
		{045AA0E3-D6FA-46C1-BAA1-611F6305BD51}.Release|Any CPU.Build.0 = Release|Any CPU
		{0CB76B44-F2D5-41E2-8320-44864890ABD6}.Debug|Any CPU.ActiveCfg = Debug|Any CPU
		{0CB76B44-F2D5-41E2-8320-44864890ABD6}.Debug|Any CPU.Build.0 = Debug|Any CPU
		{0CB76B44-F2D5-41E2-8320-44864890ABD6}.Release|Any CPU.ActiveCfg = Release|Any CPU
		{0CB76B44-F2D5-41E2-8320-44864890ABD6}.Release|Any CPU.Build.0 = Release|Any CPU
		{0A527DC8-C171-4FA3-B4AD-21A0D066317A}.Debug|Any CPU.ActiveCfg = Debug|Any CPU
		{0A527DC8-C171-4FA3-B4AD-21A0D066317A}.Debug|Any CPU.Build.0 = Debug|Any CPU
		{0A527DC8-C171-4FA3-B4AD-21A0D066317A}.Release|Any CPU.ActiveCfg = Release|Any CPU
		{0A527DC8-C171-4FA3-B4AD-21A0D066317A}.Release|Any CPU.Build.0 = Release|Any CPU
		{C5124A2F-8158-407A-B57A-A172176A0E51}.Debug|Any CPU.ActiveCfg = Debug|Any CPU
		{C5124A2F-8158-407A-B57A-A172176A0E51}.Debug|Any CPU.Build.0 = Debug|Any CPU
		{C5124A2F-8158-407A-B57A-A172176A0E51}.Release|Any CPU.ActiveCfg = Release|Any CPU
		{C5124A2F-8158-407A-B57A-A172176A0E51}.Release|Any CPU.Build.0 = Release|Any CPU
	EndGlobalSection
	GlobalSection(SolutionProperties) = preSolution
		HideSolutionNode = FALSE
	EndGlobalSection
	GlobalSection(NestedProjects) = preSolution
		{C5124A2F-8158-407A-B57A-A172176A0E51} = {70BD1293-E6E6-482C-AF34-87EA6C9C5C4A}
	EndGlobalSection
	GlobalSection(ExtensibilityGlobals) = postSolution
		SolutionGuid = {9108579B-C41C-49FF-BC75-B8393CC337FD}
	EndGlobalSection
EndGlobal
